
Microsoft Visual Studio Solution File, Format Version 12.00
# Visual Studio Version 17
VisualStudioVersion = 17.4.33213.308
MinimumVisualStudioVersion = 10.0.40219.1
Project("{FAE04EC0-301F-11D3-BF4B-00C04F79EFBC}") = "AdminPanel", "AdminPanel\AdminPanel.csproj", "{74F8C2AC-341D-42FD-9F09-2E7DBA857143}"
EndProject
Global
	GlobalSection(SolutionConfigurationPlatforms) = preSolution
		Debug|Any CPU = Debug|Any CPU
		Release|Any CPU = Release|Any CPU
	EndGlobalSection
	GlobalSection(ProjectConfigurationPlatforms) = postSolution
		{74F8C2AC-341D-42FD-9F09-2E7DBA857143}.Debug|Any CPU.ActiveCfg = Debug|Any CPU
		{74F8C2AC-341D-42FD-9F09-2E7DBA857143}.Debug|Any CPU.Build.0 = Debug|Any CPU
		{74F8C2AC-341D-42FD-9F09-2E7DBA857143}.Release|Any CPU.ActiveCfg = Release|Any CPU
		{74F8C2AC-341D-42FD-9F09-2E7DBA857143}.Release|Any CPU.Build.0 = Release|Any CPU
	EndGlobalSection
	GlobalSection(SolutionProperties) = preSolution
		HideSolutionNode = FALSE
	EndGlobalSection
	GlobalSection(ExtensibilityGlobals) = postSolution
		SolutionGuid = {8B958D52-E88C-47C3-8243-13F06F0A7E2F}
	EndGlobalSection
EndGlobal
